
Microsoft Visual Studio Solution File, Format Version 12.00
# Visual Studio 15
VisualStudioVersion = 15.0.27130.2024
MinimumVisualStudioVersion = 10.0.40219.1
Project("{FAE04EC0-301F-11D3-BF4B-00C04F79EFBC}") = "TodoListPrototype", "TodoListPrototype\TodoListPrototype.csproj", "{AAD7F688-7D72-42DF-9F1C-D14EA563EB65}"
EndProject
Global
	GlobalSection(SolutionConfigurationPlatforms) = preSolution
		Debug|Any CPU = Debug|Any CPU
		Release|Any CPU = Release|Any CPU
	EndGlobalSection
	GlobalSection(ProjectConfigurationPlatforms) = postSolution
		{AAD7F688-7D72-42DF-9F1C-D14EA563EB65}.Debug|Any CPU.ActiveCfg = Debug|Any CPU
		{AAD7F688-7D72-42DF-9F1C-D14EA563EB65}.Debug|Any CPU.Build.0 = Debug|Any CPU
		{AAD7F688-7D72-42DF-9F1C-D14EA563EB65}.Release|Any CPU.ActiveCfg = Release|Any CPU
		{AAD7F688-7D72-42DF-9F1C-D14EA563EB65}.Release|Any CPU.Build.0 = Release|Any CPU
	EndGlobalSection
	GlobalSection(SolutionProperties) = preSolution
		HideSolutionNode = FALSE
	EndGlobalSection
	GlobalSection(ExtensibilityGlobals) = postSolution
		SolutionGuid = {D94481FE-17BE-4FE0-BE9C-4017A1FFE666}
	EndGlobalSection
EndGlobal
